# THIS IS AN AUTOGENERATED FILE. DO NOT EDIT THIS FILE DIRECTLY.
# yarn lockfile v1


highlight.js@^11.5.0:
  version "11.5.0"
  resolved "https://registry.npmmirror.com/highlight.js/-/highlight.js-11.5.0.tgz#00abb7ed926491adbdabc93a4f3fd2b88b451b4a"
  integrity sha512-SM6WDj5/C+VfIY8pZ6yW6Xa0Fm1tniYVYWYW1Q/DcMnISZFrC3aQAZZZFAAZtybKNrGId3p/DNbFTtcTXXgYBw==
